
Microsoft Visual Studio Solution File, Format Version 12.00
# Visual Studio Version 17
VisualStudioVersion = 17.8.34330.188
MinimumVisualStudioVersion = 10.0.40219.1
Project("{FAE04EC0-301F-11D3-BF4B-00C04F79EFBC}") = "FormsProject", "FormsProject\FormsProject.csproj", "{632682A3-A0F2-4524-988B-B8A912FE7DDF}"
EndProject
Global
	GlobalSection(SolutionConfigurationPlatforms) = preSolution
		Debug|Any CPU = Debug|Any CPU
		Release|Any CPU = Release|Any CPU
	EndGlobalSection
	GlobalSection(ProjectConfigurationPlatforms) = postSolution
		{632682A3-A0F2-4524-988B-B8A912FE7DDF}.Debug|Any CPU.ActiveCfg = Debug|Any CPU
		{632682A3-A0F2-4524-988B-B8A912FE7DDF}.Debug|Any CPU.Build.0 = Debug|Any CPU
		{632682A3-A0F2-4524-988B-B8A912FE7DDF}.Release|Any CPU.ActiveCfg = Release|Any CPU
		{632682A3-A0F2-4524-988B-B8A912FE7DDF}.Release|Any CPU.Build.0 = Release|Any CPU
	EndGlobalSection
	GlobalSection(SolutionProperties) = preSolution
		HideSolutionNode = FALSE
	EndGlobalSection
	GlobalSection(ExtensibilityGlobals) = postSolution
		SolutionGuid = {EF632747-DABD-47A7-BB1F-A793071C79F5}
	EndGlobalSection
EndGlobal
